
Microsoft Visual Studio Solution File, Format Version 12.00
# Visual Studio Version 16
VisualStudioVersion = 16.0.31129.286
MinimumVisualStudioVersion = 10.0.40219.1
Project("{FAE04EC0-301F-11D3-BF4B-00C04F79EFBC}") = "TrafficJam", "TrafficJam\TrafficJam.csproj", "{0ACFFA60-0C9C-4EDF-B24F-23F87CF5F13C}"
EndProject
Global
	GlobalSection(SolutionConfigurationPlatforms) = preSolution
		Debug|Any CPU = Debug|Any CPU
		Release|Any CPU = Release|Any CPU
	EndGlobalSection
	GlobalSection(ProjectConfigurationPlatforms) = postSolution
		{0ACFFA60-0C9C-4EDF-B24F-23F87CF5F13C}.Debug|Any CPU.ActiveCfg = Debug|Any CPU
		{0ACFFA60-0C9C-4EDF-B24F-23F87CF5F13C}.Debug|Any CPU.Build.0 = Debug|Any CPU
		{0ACFFA60-0C9C-4EDF-B24F-23F87CF5F13C}.Release|Any CPU.ActiveCfg = Release|Any CPU
		{0ACFFA60-0C9C-4EDF-B24F-23F87CF5F13C}.Release|Any CPU.Build.0 = Release|Any CPU
	EndGlobalSection
	GlobalSection(SolutionProperties) = preSolution
		HideSolutionNode = FALSE
	EndGlobalSection
	GlobalSection(ExtensibilityGlobals) = postSolution
		SolutionGuid = {7C1AEA15-E76D-4A17-8E18-7AE439CB3E11}
	EndGlobalSection
EndGlobal
